
Microsoft Visual Studio Solution File, Format Version 12.00
# Visual Studio Version 16
VisualStudioVersion = 16.0.28803.202
MinimumVisualStudioVersion = 10.0.40219.1
Project("{FAE04EC0-301F-11D3-BF4B-00C04F79EFBC}") = "Authorization.DAL", "Authorization.DAL\Authorization.DAL.csproj", "{10AC358D-205B-4D21-9B36-8278ABF5FBB1}"
EndProject
Project("{FAE04EC0-301F-11D3-BF4B-00C04F79EFBC}") = "Authorization.WEB", "Authorization.WEB\Authorization.WEB.csproj", "{51CB0292-356B-4B27-82E5-21064B3A8AC1}"
EndProject
Project("{FAE04EC0-301F-11D3-BF4B-00C04F79EFBC}") = "Authorization.Core", "Authorization.Core\Authorization.Core.csproj", "{0186947F-80C5-4C4D-83BB-A530B37AB16A}"
EndProject
Project("{FAE04EC0-301F-11D3-BF4B-00C04F79EFBC}") = "Authorization.Tests", "Authorization.Tests\Authorization.Tests.csproj", "{C3779A77-F318-4C6C-A93A-81A24A936268}"
EndProject
Global
	GlobalSection(SolutionConfigurationPlatforms) = preSolution
		Debug|Any CPU = Debug|Any CPU
		Release|Any CPU = Release|Any CPU
	EndGlobalSection
	GlobalSection(ProjectConfigurationPlatforms) = postSolution
		{10AC358D-205B-4D21-9B36-8278ABF5FBB1}.Debug|Any CPU.ActiveCfg = Debug|Any CPU
		{10AC358D-205B-4D21-9B36-8278ABF5FBB1}.Debug|Any CPU.Build.0 = Debug|Any CPU
		{10AC358D-205B-4D21-9B36-8278ABF5FBB1}.Release|Any CPU.ActiveCfg = Release|Any CPU
		{10AC358D-205B-4D21-9B36-8278ABF5FBB1}.Release|Any CPU.Build.0 = Release|Any CPU
		{51CB0292-356B-4B27-82E5-21064B3A8AC1}.Debug|Any CPU.ActiveCfg = Debug|Any CPU
		{51CB0292-356B-4B27-82E5-21064B3A8AC1}.Debug|Any CPU.Build.0 = Debug|Any CPU
		{51CB0292-356B-4B27-82E5-21064B3A8AC1}.Release|Any CPU.ActiveCfg = Release|Any CPU
		{51CB0292-356B-4B27-82E5-21064B3A8AC1}.Release|Any CPU.Build.0 = Release|Any CPU
		{0186947F-80C5-4C4D-83BB-A530B37AB16A}.Debug|Any CPU.ActiveCfg = Debug|Any CPU
		{0186947F-80C5-4C4D-83BB-A530B37AB16A}.Debug|Any CPU.Build.0 = Debug|Any CPU
		{0186947F-80C5-4C4D-83BB-A530B37AB16A}.Release|Any CPU.ActiveCfg = Release|Any CPU
		{0186947F-80C5-4C4D-83BB-A530B37AB16A}.Release|Any CPU.Build.0 = Release|Any CPU
		{C3779A77-F318-4C6C-A93A-81A24A936268}.Debug|Any CPU.ActiveCfg = Debug|Any CPU
		{C3779A77-F318-4C6C-A93A-81A24A936268}.Debug|Any CPU.Build.0 = Debug|Any CPU
		{C3779A77-F318-4C6C-A93A-81A24A936268}.Release|Any CPU.ActiveCfg = Release|Any CPU
		{C3779A77-F318-4C6C-A93A-81A24A936268}.Release|Any CPU.Build.0 = Release|Any CPU
	EndGlobalSection
	GlobalSection(SolutionProperties) = preSolution
		HideSolutionNode = FALSE
	EndGlobalSection
	GlobalSection(ExtensibilityGlobals) = postSolution
		SolutionGuid = {7647E3B2-1D4E-4BA0-8747-6BE9480D658C}
	EndGlobalSection
EndGlobal
